
Microsoft Visual Studio Solution File, Format Version 12.00
# Visual Studio Version 16
VisualStudioVersion = 16.0.30517.126
MinimumVisualStudioVersion = 10.0.40219.1
Project("{888888A0-9F3D-457C-B088-3A5042F75D52}") = "PythonHelper", "BOLPythonHelper\PythonHelper.pyproj", "{980AA113-01A6-4685-A67F-19F9A2E870AD}"
EndProject
Global
	GlobalSection(SolutionConfigurationPlatforms) = preSolution
		Debug|Any CPU = Debug|Any CPU
		Release|Any CPU = Release|Any CPU
	EndGlobalSection
	GlobalSection(ProjectConfigurationPlatforms) = postSolution
		{980AA113-01A6-4685-A67F-19F9A2E870AD}.Debug|Any CPU.ActiveCfg = Debug|Any CPU
		{980AA113-01A6-4685-A67F-19F9A2E870AD}.Release|Any CPU.ActiveCfg = Release|Any CPU
	EndGlobalSection
	GlobalSection(SolutionProperties) = preSolution
		HideSolutionNode = FALSE
	EndGlobalSection
	GlobalSection(ExtensibilityGlobals) = postSolution
		SolutionGuid = {E727D5D8-7378-4B82-B24C-1F2B31B2EFA1}
	EndGlobalSection
EndGlobal
